// !$*UTF8*$!
{
	archiveVersion = 1;
	classes = {
	};
	objectVersion = 46;
	objects = {

/* Begin PBXBuildFile section */
		32E5E68518C5B16E00DA9701 /* Foundation.framework in Frameworks */ = {isa = PBXBuildFile; fileRef = 32E5E68418C5B16E00DA9701 /* Foundation.framework */; };
		32E5E68718C5B16E00DA9701 /* CoreGraphics.framework in Frameworks */ = {isa = PBXBuildFile; fileRef = 32E5E68618C5B16E00DA9701 /* CoreGraphics.framework */; };
		32E5E68918C5B16E00DA9701 /* UIKit.framework in Frameworks */ = {isa = PBXBuildFile; fileRef = 32E5E68818C5B16E00DA9701 /* UIKit.framework */; };
		32E5E68F18C5B16E00DA9701 /* InfoPlist.strings in Resources */ = {isa = PBXBuildFile; fileRef = 32E5E68D18C5B16E00DA9701 /* InfoPlist.strings */; };
		32E5E69118C5B16E00DA9701 /* main.m in Sources */ = {isa = PBXBuildFile; fileRef = 32E5E69018C5B16E00DA9701 /* main.m */; };
		32E5E69518C5B16E00DA9701 /* GAAppDelegate.m in Sources */ = {isa = PBXBuildFile; fileRef = 32E5E69418C5B16E00DA9701 /* GAAppDelegate.m */; };
		32E5E69818C5B16E00DA9701 /* Main.storyboard in Resources */ = {isa = PBXBuildFile; fileRef = 32E5E69618C5B16E00DA9701 /* Main.storyboard */; };
		32E5E69B18C5B16E00DA9701 /* GAViewController.m in Sources */ = {isa = PBXBuildFile; fileRef = 32E5E69A18C5B16E00DA9701 /* GAViewController.m */; };
		32E5E69D18C5B16E00DA9701 /* Images.xcassets in Resources */ = {isa = PBXBuildFile; fileRef = 32E5E69C18C5B16E00DA9701 /* Images.xcassets */; };
		32E5E6A418C5B16E00DA9701 /* XCTest.framework in Frameworks */ = {isa = PBXBuildFile; fileRef = 32E5E6A318C5B16E00DA9701 /* XCTest.framework */; };
		32E5E6A518C5B16E00DA9701 /* Foundation.framework in Frameworks */ = {isa = PBXBuildFile; fileRef = 32E5E68418C5B16E00DA9701 /* Foundation.framework */; };
		32E5E6A618C5B16E00DA9701 /* UIKit.framework in Frameworks */ = {isa = PBXBuildFile; fileRef = 32E5E68818C5B16E00DA9701 /* UIKit.framework */; };
		32E5E6AE18C5B16E00DA9701 /* InfoPlist.strings in Resources */ = {isa = PBXBuildFile; fileRef = 32E5E6AC18C5B16E00DA9701 /* InfoPlist.strings */; };
		32E5E6B018C5B16E00DA9701 /* Funky_Unit_ConverterTests.m in Sources */ = {isa = PBXBuildFile; fileRef = 32E5E6AF18C5B16E00DA9701 /* Funky_Unit_ConverterTests.m */; };
/* End PBXBuildFile section */

/* Begin PBXContainerItemProxy section */
		32E5E6A718C5B16E00DA9701 /* PBXContainerItemProxy */ = {
			isa = PBXContainerItemProxy;
			containerPortal = 32E5E67918C5B16E00DA9701 /* Project object */;
			proxyType = 1;
			remoteGlobalIDString = 32E5E68018C5B16E00DA9701;
			remoteInfo = "Funky Unit Converter";
		};
/* End PBXContainerItemProxy section */

/* Begin PBXFileReference section */
		32E5E68118C5B16E00DA9701 /* Funky Unit Converter.app */ = {isa = PBXFileReference; explicitFileType = wrapper.application; includeInIndex = 0; path = "Funky Unit Converter.app"; sourceTree = BUILT_PRODUCTS_DIR; };
		32E5E68418C5B16E00DA9701 /* Foundation.framework */ = {isa = PBXFileReference; lastKnownFileType = wrapper.framework; name = Foundation.framework; path = System/Library/Frameworks/Foundation.framework; sourceTree = SDKROOT; };
		32E5E68618C5B16E00DA9701 /* CoreGraphics.framework */ = {isa = PBXFileReference; lastKnownFileType = wrapper.framework; name = CoreGraphics.framework; path = System/Library/Frameworks/CoreGraphics.framework; sourceTree = SDKROOT; };
		32E5E68818C5B16E00DA9701 /* UIKit.framework */ = {isa = PBXFileReference; lastKnownFileType = wrapper.framework; name = UIKit.framework; path = System/Library/Frameworks/UIKit.framework; sourceTree = SDKROOT; };
		32E5E68C18C5B16E00DA9701 /* Funky Unit Converter-Info.plist */ = {isa = PBXFileReference; lastKnownFileType = text.plist.xml; path = "Funky Unit Converter-Info.plist"; sourceTree = "<group>"; };
		32E5E68E18C5B16E00DA9701 /* en */ = {isa = PBXFileReference; lastKnownFileType = text.plist.strings; name = en; path = en.lproj/InfoPlist.strings; sourceTree = "<group>"; };
		32E5E69018C5B16E00DA9701 /* main.m */ = {isa = PBXFileReference; lastKnownFileType = sourcecode.c.objc; path = main.m; sourceTree = "<group>"; };
		32E5E69218C5B16E00DA9701 /* Funky Unit Converter-Prefix.pch */ = {isa = PBXFileReference; lastKnownFileType = sourcecode.c.h; path = "Funky Unit Converter-Prefix.pch"; sourceTree = "<group>"; };
		32E5E69318C5B16E00DA9701 /* GAAppDelegate.h */ = {isa = PBXFileReference; lastKnownFileType = sourcecode.c.h; path = GAAppDelegate.h; sourceTree = "<group>"; };
		32E5E69418C5B16E00DA9701 /* GAAppDelegate.m */ = {isa = PBXFileReference; lastKnownFileType = sourcecode.c.objc; path = GAAppDelegate.m; sourceTree = "<group>"; };
		32E5E69718C5B16E00DA9701 /* Base */ = {isa = PBXFileReference; lastKnownFileType = file.storyboard; name = Base; path = Base.lproj/Main.storyboard; sourceTree = "<group>"; };
		32E5E69918C5B16E00DA9701 /* GAViewController.h */ = {isa = PBXFileReference; lastKnownFileType = sourcecode.c.h; path = GAViewController.h; sourceTree = "<group>"; };
		32E5E69A18C5B16E00DA9701 /* GAViewController.m */ = {isa = PBXFileReference; lastKnownFileType = sourcecode.c.objc; path = GAViewController.m; sourceTree = "<group>"; };
		32E5E69C18C5B16E00DA9701 /* Images.xcassets */ = {isa = PBXFileReference; lastKnownFileType = folder.assetcatalog; path = Images.xcassets; sourceTree = "<group>"; };
		32E5E6A218C5B16E00DA9701 /* Funky Unit ConverterTests.xctest */ = {isa = PBXFileReference; explicitFileType = wrapper.cfbundle; includeInIndex = 0; path = "Funky Unit ConverterTests.xctest"; sourceTree = BUILT_PRODUCTS_DIR; };
		32E5E6A318C5B16E00DA9701 /* XCTest.framework */ = {isa = PBXFileReference; lastKnownFileType = wrapper.framework; name = XCTest.framework; path = Library/Frameworks/XCTest.framework; sourceTree = DEVELOPER_DIR; };
		32E5E6AB18C5B16E00DA9701 /* Funky Unit ConverterTests-Info.plist */ = {isa = PBXFileReference; lastKnownFileType = text.plist.xml; path = "Funky Unit ConverterTests-Info.plist"; sourceTree = "<group>"; };
		32E5E6AD18C5B16E00DA9701 /* en */ = {isa = PBXFileReference; lastKnownFileType = text.plist.strings; name = en; path = en.lproj/InfoPlist.strings; sourceTree = "<group>"; };
		32E5E6AF18C5B16E00DA9701 /* Funky_Unit_ConverterTests.m */ = {isa = PBXFileReference; lastKnownFileType = sourcecode.c.objc; path = Funky_Unit_ConverterTests.m; sourceTree = "<group>"; };
/* End PBXFileReference section */

/* Begin PBXFrameworksBuildPhase section */
		32E5E67E18C5B16E00DA9701 /* Frameworks */ = {
			isa = PBXFrameworksBuildPhase;
			buildActionMask = 2147483647;
			files = (
				32E5E68718C5B16E00DA9701 /* CoreGraphics.framework in Frameworks */,
				32E5E68918C5B16E00DA9701 /* UIKit.framework in Frameworks */,
				32E5E68518C5B16E00DA9701 /* Foundation.framework in Frameworks */,
			);
			runOnlyForDeploymentPostprocessing = 0;
		};
		32E5E69F18C5B16E00DA9701 /* Frameworks */ = {
			isa = PBXFrameworksBuildPhase;
			buildActionMask = 2147483647;
			files = (
				32E5E6A418C5B16E00DA9701 /* XCTest.framework in Frameworks */,
				32E5E6A618C5B16E00DA9701 /* UIKit.framework in Frameworks */,
				32E5E6A518C5B16E00DA9701 /* Foundation.framework in Frameworks */,
			);
			runOnlyForDeploymentPostprocessing = 0;
		};
/* End PBXFrameworksBuildPhase section */

/* Begin PBXGroup section */
		32E5E67818C5B16E00DA9701 = {
			isa = PBXGroup;
			children = (
				32E5E68A18C5B16E00DA9701 /* Funky Unit Converter */,
				32E5E6A918C5B16E00DA9701 /* Funky Unit ConverterTests */,
				32E5E68318C5B16E00DA9701 /* Frameworks */,
				32E5E68218C5B16E00DA9701 /* Products */,
			);
			sourceTree = "<group>";
		};
		32E5E68218C5B16E00DA9701 /* Products */ = {
			isa = PBXGroup;
			children = (
				32E5E68118C5B16E00DA9701 /* Funky Unit Converter.app */,
				32E5E6A218C5B16E00DA9701 /* Funky Unit ConverterTests.xctest */,
			);
			name = Products;
			sourceTree = "<group>";
		};
		32E5E68318C5B16E00DA9701 /* Frameworks */ = {
			isa = PBXGroup;
			children = (
				32E5E68418C5B16E00DA9701 /* Foundation.framework */,
				32E5E68618C5B16E00DA9701 /* CoreGraphics.framework */,
				32E5E68818C5B16E00DA9701 /* UIKit.framework */,
				32E5E6A318C5B16E00DA9701 /* XCTest.framework */,
			);
			name = Frameworks;
			sourceTree = "<group>";
		};
		32E5E68A18C5B16E00DA9701 /* Funky Unit Converter */ = {
			isa = PBXGroup;
			children = (
				32E5E69318C5B16E00DA9701 /* GAAppDelegate.h */,
				32E5E69418C5B16E00DA9701 /* GAAppDelegate.m */,
				32E5E69618C5B16E00DA9701 /* Main.storyboard */,
				32E5E69918C5B16E00DA9701 /* GAViewController.h */,
				32E5E69A18C5B16E00DA9701 /* GAViewController.m */,
				32E5E69C18C5B16E00DA9701 /* Images.xcassets */,
				32E5E68B18C5B16E00DA9701 /* Supporting Files */,
			);
			path = "Funky Unit Converter";
			sourceTree = "<group>";
		};
		32E5E68B18C5B16E00DA9701 /* Supporting Files */ = {
			isa = PBXGroup;
			children = (
				32E5E68C18C5B16E00DA9701 /* Funky Unit Converter-Info.plist */,
				32E5E68D18C5B16E00DA9701 /* InfoPlist.strings */,
				32E5E69018C5B16E00DA9701 /* main.m */,
				32E5E69218C5B16E00DA9701 /* Funky Unit Converter-Prefix.pch */,
			);
			name = "Supporting Files";
			sourceTree = "<group>";
		};
		32E5E6A918C5B16E00DA9701 /* Funky Unit ConverterTests */ = {
			isa = PBXGroup;
			children = (
				32E5E6AF18C5B16E00DA9701 /* Funky_Unit_ConverterTests.m */,
				32E5E6AA18C5B16E00DA9701 /* Supporting Files */,
			);
			path = "Funky Unit ConverterTests";
			sourceTree = "<group>";
		};
		32E5E6AA18C5B16E00DA9701 /* Supporting Files */ = {
			isa = PBXGroup;
			children = (
				32E5E6AB18C5B16E00DA9701 /* Funky Unit ConverterTests-Info.plist */,
				32E5E6AC18C5B16E00DA9701 /* InfoPlist.strings */,
			);
			name = "Supporting Files";
			sourceTree = "<group>";
		};
/* End PBXGroup section */

/* Begin PBXNativeTarget section */
		32E5E68018C5B16E00DA9701 /* Funky Unit Converter */ = {
			isa = PBXNativeTarget;
			buildConfigurationList = 32E5E6B318C5B16E00DA9701 /* Build configuration list for PBXNativeTarget "Funky Unit Converter" */;
			buildPhases = (
				32E5E67D18C5B16E00DA9701 /* Sources */,
				32E5E67E18C5B16E00DA9701 /* Frameworks */,
				32E5E67F18C5B16E00DA9701 /* Resources */,
			);
			buildRules = (
			);
			dependencies = (
			);
			name = "Funky Unit Converter";
			productName = "Funky Unit Converter";
			productReference = 32E5E68118C5B16E00DA9701 /* Funky Unit Converter.app */;
			productType = "com.apple.product-type.application";
		};
		32E5E6A118C5B16E00DA9701 /* Funky Unit ConverterTests */ = {
			isa = PBXNativeTarget;
			buildConfigurationList = 32E5E6B618C5B16E00DA9701 /* Build configuration list for PBXNativeTarget "Funky Unit ConverterTests" */;
			buildPhases = (
				32E5E69E18C5B16E00DA9701 /* Sources */,
				32E5E69F18C5B16E00DA9701 /* Frameworks */,
				32E5E6A018C5B16E00DA9701 /* Resources */,
			);
			buildRules = (
			);
			dependencies = (
				32E5E6A818C5B16E00DA9701 /* PBXTargetDependency */,
			);
			name = "Funky Unit ConverterTests";
			productName = "Funky Unit ConverterTests";
			productReference = 32E5E6A218C5B16E00DA9701 /* Funky Unit ConverterTests.xctest */;
			productType = "com.apple.product-type.bundle.unit-test";
		};
/* End PBXNativeTarget section */

/* Begin PBXProject section */
		32E5E67918C5B16E00DA9701 /* Project object */ = {
			isa = PBXProject;
			attributes = {
				CLASSPREFIX = GA;
				LastUpgradeCheck = 0500;
				ORGANIZATIONNAME = "Gabriel Aguilera";
				TargetAttributes = {
					32E5E6A118C5B16E00DA9701 = {
						TestTargetID = 32E5E68018C5B16E00DA9701;
					};
				};
			};
			buildConfigurationList = 32E5E67C18C5B16E00DA9701 /* Build configuration list for PBXProject "Funky Unit Converter" */;
			compatibilityVersion = "Xcode 3.2";
			developmentRegion = English;
			hasScannedForEncodings = 0;
			knownRegions = (
				en,
				Base,
			);
			mainGroup = 32E5E67818C5B16E00DA9701;
			productRefGroup = 32E5E68218C5B16E00DA9701 /* Products */;
			projectDirPath = "";
			projectRoot = "";
			targets = (
				32E5E68018C5B16E00DA9701 /* Funky Unit Converter */,
				32E5E6A118C5B16E00DA9701 /* Funky Unit ConverterTests */,
			);
		};
/* End PBXProject section */

/* Begin PBXResourcesBuildPhase section */
		32E5E67F18C5B16E00DA9701 /* Resources */ = {
			isa = PBXResourcesBuildPhase;
			buildActionMask = 2147483647;
			files = (
				32E5E69D18C5B16E00DA9701 /* Images.xcassets in Resources */,
				32E5E68F18C5B16E00DA9701 /* InfoPlist.strings in Resources */,
				32E5E69818C5B16E00DA9701 /* Main.storyboard in Resources */,
			);
			runOnlyForDeploymentPostprocessing = 0;
		};
		32E5E6A018C5B16E00DA9701 /* Resources */ = {
			isa = PBXResourcesBuildPhase;
			buildActionMask = 2147483647;
			files = (
				32E5E6AE18C5B16E00DA9701 /* InfoPlist.strings in Resources */,
			);
			runOnlyForDeploymentPostprocessing = 0;
		};
/* End PBXResourcesBuildPhase section */

/* Begin PBXSourcesBuildPhase section */
		32E5E67D18C5B16E00DA9701 /* Sources */ = {
			isa = PBXSourcesBuildPhase;
			buildActionMask = 2147483647;
			files = (
				32E5E69518C5B16E00DA9701 /* GAAppDelegate.m in Sources */,
				32E5E69B18C5B16E00DA9701 /* GAViewController.m in Sources */,
				32E5E69118C5B16E00DA9701 /* main.m in Sources */,
			);
			runOnlyForDeploymentPostprocessing = 0;
		};
		32E5E69E18C5B16E00DA9701 /* Sources */ = {
			isa = PBXSourcesBuildPhase;
			buildActionMask = 2147483647;
			files = (
				32E5E6B018C5B16E00DA9701 /* Funky_Unit_ConverterTests.m in Sources */,
			);
			runOnlyForDeploymentPostprocessing = 0;
		};
/* End PBXSourcesBuildPhase section */

/* Begin PBXTargetDependency section */
		32E5E6A818C5B16E00DA9701 /* PBXTargetDependency */ = {
			isa = PBXTargetDependency;
			target = 32E5E68018C5B16E00DA9701 /* Funky Unit Converter */;
			targetProxy = 32E5E6A718C5B16E00DA9701 /* PBXContainerItemProxy */;
		};
/* End PBXTargetDependency section */

/* Begin PBXVariantGroup section */
		32E5E68D18C5B16E00DA9701 /* InfoPlist.strings */ = {
			isa = PBXVariantGroup;
			children = (
				32E5E68E18C5B16E00DA9701 /* en */,
			);
			name = InfoPlist.strings;
			sourceTree = "<group>";
		};
		32E5E69618C5B16E00DA9701 /* Main.storyboard */ = {
			isa = PBXVariantGroup;
			children = (
				32E5E69718C5B16E00DA9701 /* Base */,
			);
			name = Main.storyboard;
			sourceTree = "<group>";
		};
		32E5E6AC18C5B16E00DA9701 /* InfoPlist.strings */ = {
			isa = PBXVariantGroup;
			children = (
				32E5E6AD18C5B16E00DA9701 /* en */,
			);
			name = InfoPlist.strings;
			sourceTree = "<group>";
		};
/* End PBXVariantGroup section */

/* Begin XCBuildConfiguration section */
		32E5E6B118C5B16E00DA9701 /* Debug */ = {
			isa = XCBuildConfiguration;
			buildSettings = {
				ALWAYS_SEARCH_USER_PATHS = NO;
				ARCHS = "$(ARCHS_STANDARD_INCLUDING_64_BIT)";
				CLANG_CXX_LANGUAGE_STANDARD = "gnu++0x";
				CLANG_CXX_LIBRARY = "libc++";
				CLANG_ENABLE_MODULES = YES;
				CLANG_ENABLE_OBJC_ARC = YES;
				CLANG_WARN_BOOL_CONVERSION = YES;
				CLANG_WARN_CONSTANT_CONVERSION = YES;
				CLANG_WARN_DIRECT_OBJC_ISA_USAGE = YES_ERROR;
				CLANG_WARN_EMPTY_BODY = YES;
				CLANG_WARN_ENUM_CONVERSION = YES;
				CLANG_WARN_INT_CONVERSION = YES;
				CLANG_WARN_OBJC_ROOT_CLASS = YES_ERROR;
				CLANG_WARN__DUPLICATE_METHOD_MATCH = YES;
				"CODE_SIGN_IDENTITY[sdk=iphoneos*]" = "iPhone Developer";
				COPY_PHASE_STRIP = NO;
				GCC_C_LANGUAGE_STANDARD = gnu99;
				GCC_DYNAMIC_NO_PIC = NO;
				GCC_OPTIMIZATION_LEVEL = 0;
				GCC_PREPROCESSOR_DEFINITIONS = (
					"DEBUG=1",
					"$(inherited)",
				);
				GCC_SYMBOLS_PRIVATE_EXTERN = NO;
				GCC_WARN_64_TO_32_BIT_CONVERSION = YES;
				GCC_WARN_ABOUT_RETURN_TYPE = YES_ERROR;
				GCC_WARN_UNDECLARED_SELECTOR = YES;
				GCC_WARN_UNINITIALIZED_AUTOS = YES;
				GCC_WARN_UNUSED_FUNCTION = YES;
				GCC_WARN_UNUSED_VARIABLE = YES;
				IPHONEOS_DEPLOYMENT_TARGET = 7.0;
				ONLY_ACTIVE_ARCH = YES;
				SDKROOT = iphoneos;
			};
			name = Debug;
		};
		32E5E6B218C5B16E00DA9701 /* Release */ = {
			isa = XCBuildConfiguration;
			buildSettings = {
				ALWAYS_SEARCH_USER_PATHS = NO;
				ARCHS = "$(ARCHS_STANDARD_INCLUDING_64_BIT)";
				CLANG_CXX_LANGUAGE_STANDARD = "gnu++0x";
				CLANG_CXX_LIBRARY = "libc++";
				CLANG_ENABLE_MODULES = YES;
				CLANG_ENABLE_OBJC_ARC = YES;
				CLANG_WARN_BOOL_CONVERSION = YES;
				CLANG_WARN_CONSTANT_CONVERSION = YES;
				CLANG_WARN_DIRECT_OBJC_ISA_USAGE = YES_ERROR;
				CLANG_WARN_EMPTY_BODY = YES;
				CLANG_WARN_ENUM_CONVERSION = YES;
				CLANG_WARN_INT_CONVERSION = YES;
				CLANG_WARN_OBJC_ROOT_CLASS = YES_ERROR;
				CLANG_WARN__DUPLICATE_METHOD_MATCH = YES;
				"CODE_SIGN_IDENTITY[sdk=iphoneos*]" = "iPhone Developer";
				COPY_PHASE_STRIP = YES;
				ENABLE_NS_ASSERTIONS = NO;
				GCC_C_LANGUAGE_STANDARD = gnu99;
				GCC_WARN_64_TO_32_BIT_CONVERSION = YES;
				GCC_WARN_ABOUT_RETURN_TYPE = YES_ERROR;
				GCC_WARN_UNDECLARED_SELECTOR = YES;
				GCC_WARN_UNINITIALIZED_AUTOS = YES;
				GCC_WARN_UNUSED_FUNCTION = YES;
				GCC_WARN_UNUSED_VARIABLE = YES;
				IPHONEOS_DEPLOYMENT_TARGET = 7.0;
				SDKROOT = iphoneos;
				VALIDATE_PRODUCT = YES;
			};
			name = Release;
		};
		32E5E6B418C5B16E00DA9701 /* Debug */ = {
			isa = XCBuildConfiguration;
			buildSettings = {
				ASSETCATALOG_COMPILER_APPICON_NAME = AppIcon;
				ASSETCATALOG_COMPILER_LAUNCHIMAGE_NAME = LaunchImage;
				GCC_PRECOMPILE_PREFIX_HEADER = YES;
				GCC_PREFIX_HEADER = "Funky Unit Converter/Funky Unit Converter-Prefix.pch";
				INFOPLIST_FILE = "Funky Unit Converter/Funky Unit Converter-Info.plist";
				PRODUCT_NAME = "$(TARGET_NAME)";
				WRAPPER_EXTENSION = app;
			};
			name = Debug;
		};
		32E5E6B518C5B16E00DA9701 /* Release */ = {
			isa = XCBuildConfiguration;
			buildSettings = {
				ASSETCATALOG_COMPILER_APPICON_NAME = AppIcon;
				ASSETCATALOG_COMPILER_LAUNCHIMAGE_NAME = LaunchImage;
				GCC_PRECOMPILE_PREFIX_HEADER = YES;
				GCC_PREFIX_HEADER = "Funky Unit Converter/Funky Unit Converter-Prefix.pch";
				INFOPLIST_FILE = "Funky Unit Converter/Funky Unit Converter-Info.plist";
				PRODUCT_NAME = "$(TARGET_NAME)";
				WRAPPER_EXTENSION = app;
			};
			name = Release;
		};
		32E5E6B718C5B16E00DA9701 /* Debug */ = {
			isa = XCBuildConfiguration;
			buildSettings = {
				ARCHS = "$(ARCHS_STANDARD_INCLUDING_64_BIT)";
				BUNDLE_LOADER = "$(BUILT_PRODUCTS_DIR)/Funky Unit Converter.app/Funky Unit Converter";
				FRAMEWORK_SEARCH_PATHS = (
					"$(SDKROOT)/Developer/Library/Frameworks",
					"$(inherited)",
					"$(DEVELOPER_FRAMEWORKS_DIR)",
				);
				GCC_PRECOMPILE_PREFIX_HEADER = YES;
				GCC_PREFIX_HEADER = "Funky Unit Converter/Funky Unit Converter-Prefix.pch";
				GCC_PREPROCESSOR_DEFINITIONS = (
					"DEBUG=1",
					"$(inherited)",
				);
				INFOPLIST_FILE = "Funky Unit ConverterTests/Funky Unit ConverterTests-Info.plist";
				PRODUCT_NAME = "$(TARGET_NAME)";
				TEST_HOST = "$(BUNDLE_LOADER)";
				WRAPPER_EXTENSION = xctest;
			};
			name = Debug;
		};
		32E5E6B818C5B16E00DA9701 /* Release */ = {
			isa = XCBuildConfiguration;
			buildSettings = {
				ARCHS = "$(ARCHS_STANDARD_INCLUDING_64_BIT)";
				BUNDLE_LOADER = "$(BUILT_PRODUCTS_DIR)/Funky Unit Converter.app/Funky Unit Converter";
				FRAMEWORK_SEARCH_PATHS = (
					"$(SDKROOT)/Developer/Library/Frameworks",
					"$(inherited)",
					"$(DEVELOPER_FRAMEWORKS_DIR)",
				);
				GCC_PRECOMPILE_PREFIX_HEADER = YES;
				GCC_PREFIX_HEADER = "Funky Unit Converter/Funky Unit Converter-Prefix.pch";
				INFOPLIST_FILE = "Funky Unit ConverterTests/Funky Unit ConverterTests-Info.plist";
				PRODUCT_NAME = "$(TARGET_NAME)";
				TEST_HOST = "$(BUNDLE_LOADER)";
				WRAPPER_EXTENSION = xctest;
			};
			name = Release;
		};
/* End XCBuildConfiguration section */

/* Begin XCConfigurationList section */
		32E5E67C18C5B16E00DA9701 /* Build configuration list for PBXProject "Funky Unit Converter" */ = {
			isa = XCConfigurationList;
			buildConfigurations = (
				32E5E6B118C5B16E00DA9701 /* Debug */,
				32E5E6B218C5B16E00DA9701 /* Release */,
			);
			defaultConfigurationIsVisible = 0;
			defaultConfigurationName = Release;
		};
		32E5E6B318C5B16E00DA9701 /* Build configuration list for PBXNativeTarget "Funky Unit Converter" */ = {
			isa = XCConfigurationList;
			buildConfigurations = (
				32E5E6B418C5B16E00DA9701 /* Debug */,
				32E5E6B518C5B16E00DA9701 /* Release */,
			);
			defaultConfigurationIsVisible = 0;
		};
		32E5E6B618C5B16E00DA9701 /* Build configuration list for PBXNativeTarget "Funky Unit ConverterTests" */ = {
			isa = XCConfigurationList;
			buildConfigurations = (
				32E5E6B718C5B16E00DA9701 /* Debug */,
				32E5E6B818C5B16E00DA9701 /* Release */,
			);
			defaultConfigurationIsVisible = 0;
		};
/* End XCConfigurationList section */
	};
	rootObject = 32E5E67918C5B16E00DA9701 /* Project object */;
}
